
Microsoft Visual Studio Solution File, Format Version 12.00
# Visual Studio Version 17
VisualStudioVersion = 17.4.33122.133
MinimumVisualStudioVersion = 10.0.40219.1
Project("{FAE04EC0-301F-11D3-BF4B-00C04F79EFBC}") = "budnar_pavel_lab2", "budnar_pavel_lab2.csproj", "{0F343947-AF2E-4E88-928C-A83148A3DBE7}"
EndProject
Global
	GlobalSection(SolutionConfigurationPlatforms) = preSolution
		Debug|Any CPU = Debug|Any CPU
		Release|Any CPU = Release|Any CPU
	EndGlobalSection
	GlobalSection(ProjectConfigurationPlatforms) = postSolution
		{0F343947-AF2E-4E88-928C-A83148A3DBE7}.Debug|Any CPU.ActiveCfg = Debug|Any CPU
		{0F343947-AF2E-4E88-928C-A83148A3DBE7}.Debug|Any CPU.Build.0 = Debug|Any CPU
		{0F343947-AF2E-4E88-928C-A83148A3DBE7}.Release|Any CPU.ActiveCfg = Release|Any CPU
		{0F343947-AF2E-4E88-928C-A83148A3DBE7}.Release|Any CPU.Build.0 = Release|Any CPU
	EndGlobalSection
	GlobalSection(SolutionProperties) = preSolution
		HideSolutionNode = FALSE
	EndGlobalSection
	GlobalSection(ExtensibilityGlobals) = postSolution
		SolutionGuid = {A6B77EF7-C786-4BBD-99A7-664B60ED3CF4}
	EndGlobalSection
EndGlobal
